
Microsoft Visual Studio Solution File, Format Version 12.00
# Visual Studio Version 17
VisualStudioVersion = 17.6.33815.320
MinimumVisualStudioVersion = 10.0.40219.1
Project("{FAE04EC0-301F-11D3-BF4B-00C04F79EFBC}") = "GridmapPathFinder", "GridmapPathFinder.csproj", "{F2D12F5B-AEF5-4B62-8687-D9C6FF040FD0}"
EndProject
Global
	GlobalSection(SolutionConfigurationPlatforms) = preSolution
		Debug|Any CPU = Debug|Any CPU
		Release|Any CPU = Release|Any CPU
	EndGlobalSection
	GlobalSection(ProjectConfigurationPlatforms) = postSolution
		{F2D12F5B-AEF5-4B62-8687-D9C6FF040FD0}.Debug|Any CPU.ActiveCfg = Debug|Any CPU
		{F2D12F5B-AEF5-4B62-8687-D9C6FF040FD0}.Debug|Any CPU.Build.0 = Debug|Any CPU
		{F2D12F5B-AEF5-4B62-8687-D9C6FF040FD0}.Release|Any CPU.ActiveCfg = Release|Any CPU
		{F2D12F5B-AEF5-4B62-8687-D9C6FF040FD0}.Release|Any CPU.Build.0 = Release|Any CPU
	EndGlobalSection
	GlobalSection(SolutionProperties) = preSolution
		HideSolutionNode = FALSE
	EndGlobalSection
	GlobalSection(ExtensibilityGlobals) = postSolution
		SolutionGuid = {2196A3D6-F067-496A-8400-2A8ECD69D85A}
	EndGlobalSection
EndGlobal
